{
  "name": "S06-atelier-pilori-SandrineFAUDEMAYBERTRAND",
  "lockfileVersion": 2,
  "requires": true,
  "packages": {
    "": {
      "dependencies": {
        "s06-atelier-pilori-sandrinefaudemaybertrand": "file:.."
      }
    },
    "..": {
      "version": "1.0.0",
      "license": "ISC",
      "dependencies": {
        "bcrypt": "^5.1.1",
        "dotenv": "^16.4.1",
        "ejs": "^3.1.9",
        "express": "^4.18.2",
        "express-session": "^1.18.0",
        "validator": "^13.11.0"
      },
      "devDependencies": {
        "node-dev": "^8.0.0"
      }
    },
    "node_modules/s06-atelier-pilori-sandrinefaudemaybertrand": {
      "resolved": "..",
      "link": true
    }
  },
  "dependencies": {
    "s06-atelier-pilori-sandrinefaudemaybertrand": {
      "version": "file:..",
      "requires": {
        "bcrypt": "^5.1.1",
        "dotenv": "^16.4.1",
        "ejs": "^3.1.9",
        "express": "^4.18.2",
        "express-session": "^1.18.0",
        "node-dev": "^8.0.0",
        "validator": "^13.11.0"
      }
    }
  }
}
